
Microsoft Visual Studio Solution File, Format Version 12.00
# Visual Studio Version 16
VisualStudioVersion = 16.0.29324.140
MinimumVisualStudioVersion = 10.0.40219.1
Project("{2150E333-8FDC-42A3-9474-1A3956D46DE8}") = "Application", "Application", "{8BA17B56-0DD2-44A0-B3CF-6B541639092A}"
EndProject
Project("{2150E333-8FDC-42A3-9474-1A3956D46DE8}") = "Domain", "Domain", "{0E0886A4-9B7F-4264-A79B-FAAD7CBEBF41}"
EndProject
Project("{2150E333-8FDC-42A3-9474-1A3956D46DE8}") = "Infra.IoC", "Infra.IoC", "{ABF02ECA-E8DC-406A-94C3-2432C62D5633}"
EndProject
Project("{2150E333-8FDC-42A3-9474-1A3956D46DE8}") = "Infra.Data", "Infra.Data", "{9560A123-4A7D-41D1-BBA6-4EF3250E00C2}"
EndProject
Project("{2150E333-8FDC-42A3-9474-1A3956D46DE8}") = "Presentation", "Presentation", "{73C4FA29-76AB-458E-B11D-A232E7E73A71}"
EndProject
Project("{9A19103F-16F7-4668-BE54-9A1E7A4F7556}") = "CleanArch.Mvc", "CleanArch.Mvc\CleanArch.Mvc.csproj", "{DDA92187-0918-464F-A04A-45F7295447D3}"
EndProject
Project("{9A19103F-16F7-4668-BE54-9A1E7A4F7556}") = "CleanArch.Domain", "CleanArch.Domain\CleanArch.Domain.csproj", "{42F647A7-DA95-42AC-9BB1-18F5CEF68E77}"
EndProject
Project("{FAE04EC0-301F-11D3-BF4B-00C04F79EFBC}") = "CleanArch.Infra.Data", "CleanArch.Infra.Data\CleanArch.Infra.Data.csproj", "{5319EEA6-9F7E-4CF8-A907-A73AD528EDA1}"
EndProject
Global
	GlobalSection(SolutionConfigurationPlatforms) = preSolution
		Debug|Any CPU = Debug|Any CPU
		Release|Any CPU = Release|Any CPU
	EndGlobalSection
	GlobalSection(ProjectConfigurationPlatforms) = postSolution
		{DDA92187-0918-464F-A04A-45F7295447D3}.Debug|Any CPU.ActiveCfg = Debug|Any CPU
		{DDA92187-0918-464F-A04A-45F7295447D3}.Debug|Any CPU.Build.0 = Debug|Any CPU
		{DDA92187-0918-464F-A04A-45F7295447D3}.Release|Any CPU.ActiveCfg = Release|Any CPU
		{DDA92187-0918-464F-A04A-45F7295447D3}.Release|Any CPU.Build.0 = Release|Any CPU
		{42F647A7-DA95-42AC-9BB1-18F5CEF68E77}.Debug|Any CPU.ActiveCfg = Debug|Any CPU
		{42F647A7-DA95-42AC-9BB1-18F5CEF68E77}.Debug|Any CPU.Build.0 = Debug|Any CPU
		{42F647A7-DA95-42AC-9BB1-18F5CEF68E77}.Release|Any CPU.ActiveCfg = Release|Any CPU
		{42F647A7-DA95-42AC-9BB1-18F5CEF68E77}.Release|Any CPU.Build.0 = Release|Any CPU
		{5319EEA6-9F7E-4CF8-A907-A73AD528EDA1}.Debug|Any CPU.ActiveCfg = Debug|Any CPU
		{5319EEA6-9F7E-4CF8-A907-A73AD528EDA1}.Debug|Any CPU.Build.0 = Debug|Any CPU
		{5319EEA6-9F7E-4CF8-A907-A73AD528EDA1}.Release|Any CPU.ActiveCfg = Release|Any CPU
		{5319EEA6-9F7E-4CF8-A907-A73AD528EDA1}.Release|Any CPU.Build.0 = Release|Any CPU
	EndGlobalSection
	GlobalSection(SolutionProperties) = preSolution
		HideSolutionNode = FALSE
	EndGlobalSection
	GlobalSection(NestedProjects) = preSolution
		{DDA92187-0918-464F-A04A-45F7295447D3} = {73C4FA29-76AB-458E-B11D-A232E7E73A71}
		{42F647A7-DA95-42AC-9BB1-18F5CEF68E77} = {0E0886A4-9B7F-4264-A79B-FAAD7CBEBF41}
		{5319EEA6-9F7E-4CF8-A907-A73AD528EDA1} = {9560A123-4A7D-41D1-BBA6-4EF3250E00C2}
	EndGlobalSection
	GlobalSection(ExtensibilityGlobals) = postSolution
		SolutionGuid = {3C902358-3BFF-48E5-8324-277752C69492}
	EndGlobalSection
EndGlobal
